// !$*UTF8*$!
{
	archiveVersion = 1;
	classes = {
	};
	objectVersion = 50;
	objects = {

/* Begin PBXBuildFile section */
		4779E8DE259358FE00934E7C /* calc_stack.m in Sources */ = {isa = PBXBuildFile; fileRef = 4779E8DD259358FE00934E7C /* calc_stack.m */; };
		4779E8E42593597000934E7C /* Stack.m in Sources */ = {isa = PBXBuildFile; fileRef = 4779E8E32593597000934E7C /* Stack.m */; };
		47E6BA97258B597A00580635 /* AppDelegate.m in Sources */ = {isa = PBXBuildFile; fileRef = 47E6BA96258B597A00580635 /* AppDelegate.m */; };
		47E6BA9A258B597A00580635 /* SceneDelegate.m in Sources */ = {isa = PBXBuildFile; fileRef = 47E6BA99258B597A00580635 /* SceneDelegate.m */; };
		47E6BA9D258B597A00580635 /* ViewController.m in Sources */ = {isa = PBXBuildFile; fileRef = 47E6BA9C258B597A00580635 /* ViewController.m */; };
		47E6BAA0258B597A00580635 /* Main.storyboard in Resources */ = {isa = PBXBuildFile; fileRef = 47E6BA9E258B597A00580635 /* Main.storyboard */; };
		47E6BAA2258B597E00580635 /* Assets.xcassets in Resources */ = {isa = PBXBuildFile; fileRef = 47E6BAA1258B597E00580635 /* Assets.xcassets */; };
		47E6BAA5258B597E00580635 /* LaunchScreen.storyboard in Resources */ = {isa = PBXBuildFile; fileRef = 47E6BAA3258B597E00580635 /* LaunchScreen.storyboard */; };
		47E6BAA8258B597E00580635 /* main.m in Sources */ = {isa = PBXBuildFile; fileRef = 47E6BAA7258B597E00580635 /* main.m */; };
		47E6BAB2258B597E00580635 /* calculatorTests.m in Sources */ = {isa = PBXBuildFile; fileRef = 47E6BAB1258B597E00580635 /* calculatorTests.m */; };
		47E6BABD258B597E00580635 /* calculatorUITests.m in Sources */ = {isa = PBXBuildFile; fileRef = 47E6BABC258B597E00580635 /* calculatorUITests.m */; };
		47E6BAD0258B59F000580635 /* calc.m in Sources */ = {isa = PBXBuildFile; fileRef = 47E6BACF258B59F000580635 /* calc.m */; };
/* End PBXBuildFile section */

/* Begin PBXContainerItemProxy section */
		47E6BAAE258B597E00580635 /* PBXContainerItemProxy */ = {
			isa = PBXContainerItemProxy;
			containerPortal = 47E6BA8A258B597A00580635 /* Project object */;
			proxyType = 1;
			remoteGlobalIDString = 47E6BA91258B597A00580635;
			remoteInfo = calculator;
		};
		47E6BAB9258B597E00580635 /* PBXContainerItemProxy */ = {
			isa = PBXContainerItemProxy;
			containerPortal = 47E6BA8A258B597A00580635 /* Project object */;
			proxyType = 1;
			remoteGlobalIDString = 47E6BA91258B597A00580635;
			remoteInfo = calculator;
		};
/* End PBXContainerItemProxy section */

/* Begin PBXFileReference section */
		4779E8DC259358FE00934E7C /* calc_stack.h */ = {isa = PBXFileReference; lastKnownFileType = sourcecode.c.h; path = calc_stack.h; sourceTree = "<group>"; };
		4779E8DD259358FE00934E7C /* calc_stack.m */ = {isa = PBXFileReference; lastKnownFileType = sourcecode.c.objc; path = calc_stack.m; sourceTree = "<group>"; };
		4779E8E22593597000934E7C /* Stack.h */ = {isa = PBXFileReference; fileEncoding = 4; lastKnownFileType = sourcecode.c.h; name = Stack.h; path = ../../../Stack/Stack/Stack.h; sourceTree = "<group>"; };
		4779E8E32593597000934E7C /* Stack.m */ = {isa = PBXFileReference; fileEncoding = 4; lastKnownFileType = sourcecode.c.objc; name = Stack.m; path = ../../../Stack/Stack/Stack.m; sourceTree = "<group>"; };
		47E6BA92258B597A00580635 /* calculator.app */ = {isa = PBXFileReference; explicitFileType = wrapper.application; includeInIndex = 0; path = calculator.app; sourceTree = BUILT_PRODUCTS_DIR; };
		47E6BA95258B597A00580635 /* AppDelegate.h */ = {isa = PBXFileReference; lastKnownFileType = sourcecode.c.h; path = AppDelegate.h; sourceTree = "<group>"; };
		47E6BA96258B597A00580635 /* AppDelegate.m */ = {isa = PBXFileReference; lastKnownFileType = sourcecode.c.objc; path = AppDelegate.m; sourceTree = "<group>"; };
		47E6BA98258B597A00580635 /* SceneDelegate.h */ = {isa = PBXFileReference; lastKnownFileType = sourcecode.c.h; path = SceneDelegate.h; sourceTree = "<group>"; };
		47E6BA99258B597A00580635 /* SceneDelegate.m */ = {isa = PBXFileReference; lastKnownFileType = sourcecode.c.objc; path = SceneDelegate.m; sourceTree = "<group>"; };
		47E6BA9B258B597A00580635 /* ViewController.h */ = {isa = PBXFileReference; lastKnownFileType = sourcecode.c.h; path = ViewController.h; sourceTree = "<group>"; };
		47E6BA9C258B597A00580635 /* ViewController.m */ = {isa = PBXFileReference; lastKnownFileType = sourcecode.c.objc; path = ViewController.m; sourceTree = "<group>"; };
		47E6BA9F258B597A00580635 /* Base */ = {isa = PBXFileReference; lastKnownFileType = file.storyboard; name = Base; path = Base.lproj/Main.storyboard; sourceTree = "<group>"; };
		47E6BAA1258B597E00580635 /* Assets.xcassets */ = {isa = PBXFileReference; lastKnownFileType = folder.assetcatalog; path = Assets.xcassets; sourceTree = "<group>"; };
		47E6BAA4258B597E00580635 /* Base */ = {isa = PBXFileReference; lastKnownFileType = file.storyboard; name = Base; path = Base.lproj/LaunchScreen.storyboard; sourceTree = "<group>"; };
		47E6BAA6258B597E00580635 /* Info.plist */ = {isa = PBXFileReference; lastKnownFileType = text.plist.xml; path = Info.plist; sourceTree = "<group>"; };
		47E6BAA7258B597E00580635 /* main.m */ = {isa = PBXFileReference; lastKnownFileType = sourcecode.c.objc; path = main.m; sourceTree = "<group>"; };
		47E6BAAD258B597E00580635 /* calculatorTests.xctest */ = {isa = PBXFileReference; explicitFileType = wrapper.cfbundle; includeInIndex = 0; path = calculatorTests.xctest; sourceTree = BUILT_PRODUCTS_DIR; };
		47E6BAB1258B597E00580635 /* calculatorTests.m */ = {isa = PBXFileReference; lastKnownFileType = sourcecode.c.objc; path = calculatorTests.m; sourceTree = "<group>"; };
		47E6BAB3258B597E00580635 /* Info.plist */ = {isa = PBXFileReference; lastKnownFileType = text.plist.xml; path = Info.plist; sourceTree = "<group>"; };
		47E6BAB8258B597E00580635 /* calculatorUITests.xctest */ = {isa = PBXFileReference; explicitFileType = wrapper.cfbundle; includeInIndex = 0; path = calculatorUITests.xctest; sourceTree = BUILT_PRODUCTS_DIR; };
		47E6BABC258B597E00580635 /* calculatorUITests.m */ = {isa = PBXFileReference; lastKnownFileType = sourcecode.c.objc; path = calculatorUITests.m; sourceTree = "<group>"; };
		47E6BABE258B597E00580635 /* Info.plist */ = {isa = PBXFileReference; lastKnownFileType = text.plist.xml; path = Info.plist; sourceTree = "<group>"; };
		47E6BACE258B59F000580635 /* calc.h */ = {isa = PBXFileReference; lastKnownFileType = sourcecode.c.h; path = calc.h; sourceTree = "<group>"; };
		47E6BACF258B59F000580635 /* calc.m */ = {isa = PBXFileReference; lastKnownFileType = sourcecode.c.objc; path = calc.m; sourceTree = "<group>"; };
/* End PBXFileReference section */

/* Begin PBXFrameworksBuildPhase section */
		47E6BA8F258B597A00580635 /* Frameworks */ = {
			isa = PBXFrameworksBuildPhase;
			buildActionMask = 2147483647;
			files = (
			);
			runOnlyForDeploymentPostprocessing = 0;
		};
		47E6BAAA258B597E00580635 /* Frameworks */ = {
			isa = PBXFrameworksBuildPhase;
			buildActionMask = 2147483647;
			files = (
			);
			runOnlyForDeploymentPostprocessing = 0;
		};
		47E6BAB5258B597E00580635 /* Frameworks */ = {
			isa = PBXFrameworksBuildPhase;
			buildActionMask = 2147483647;
			files = (
			);
			runOnlyForDeploymentPostprocessing = 0;
		};
/* End PBXFrameworksBuildPhase section */

/* Begin PBXGroup section */
		47E6BA89258B597A00580635 = {
			isa = PBXGroup;
			children = (
				47E6BA94258B597A00580635 /* calculator */,
				47E6BAB0258B597E00580635 /* calculatorTests */,
				47E6BABB258B597E00580635 /* calculatorUITests */,
				47E6BA93258B597A00580635 /* Products */,
			);
			sourceTree = "<group>";
		};
		47E6BA93258B597A00580635 /* Products */ = {
			isa = PBXGroup;
			children = (
				47E6BA92258B597A00580635 /* calculator.app */,
				47E6BAAD258B597E00580635 /* calculatorTests.xctest */,
				47E6BAB8258B597E00580635 /* calculatorUITests.xctest */,
			);
			name = Products;
			sourceTree = "<group>";
		};
		47E6BA94258B597A00580635 /* calculator */ = {
			isa = PBXGroup;
			children = (
				47E6BACD258B59DD00580635 /* model */,
				47E6BA95258B597A00580635 /* AppDelegate.h */,
				47E6BA96258B597A00580635 /* AppDelegate.m */,
				47E6BA98258B597A00580635 /* SceneDelegate.h */,
				47E6BA99258B597A00580635 /* SceneDelegate.m */,
				47E6BA9B258B597A00580635 /* ViewController.h */,
				47E6BA9C258B597A00580635 /* ViewController.m */,
				47E6BA9E258B597A00580635 /* Main.storyboard */,
				47E6BAA1258B597E00580635 /* Assets.xcassets */,
				47E6BAA3258B597E00580635 /* LaunchScreen.storyboard */,
				47E6BAA6258B597E00580635 /* Info.plist */,
				47E6BAA7258B597E00580635 /* main.m */,
			);
			path = calculator;
			sourceTree = "<group>";
		};
		47E6BAB0258B597E00580635 /* calculatorTests */ = {
			isa = PBXGroup;
			children = (
				47E6BAB1258B597E00580635 /* calculatorTests.m */,
				47E6BAB3258B597E00580635 /* Info.plist */,
			);
			path = calculatorTests;
			sourceTree = "<group>";
		};
		47E6BABB258B597E00580635 /* calculatorUITests */ = {
			isa = PBXGroup;
			children = (
				47E6BABC258B597E00580635 /* calculatorUITests.m */,
				47E6BABE258B597E00580635 /* Info.plist */,
			);
			path = calculatorUITests;
			sourceTree = "<group>";
		};
		47E6BACD258B59DD00580635 /* model */ = {
			isa = PBXGroup;
			children = (
				4779E8E22593597000934E7C /* Stack.h */,
				4779E8E32593597000934E7C /* Stack.m */,
				47E6BACE258B59F000580635 /* calc.h */,
				47E6BACF258B59F000580635 /* calc.m */,
				4779E8DC259358FE00934E7C /* calc_stack.h */,
				4779E8DD259358FE00934E7C /* calc_stack.m */,
			);
			path = model;
			sourceTree = "<group>";
		};
/* End PBXGroup section */

/* Begin PBXNativeTarget section */
		47E6BA91258B597A00580635 /* calculator */ = {
			isa = PBXNativeTarget;
			buildConfigurationList = 47E6BAC1258B597E00580635 /* Build configuration list for PBXNativeTarget "calculator" */;
			buildPhases = (
				47E6BA8E258B597A00580635 /* Sources */,
				47E6BA8F258B597A00580635 /* Frameworks */,
				47E6BA90258B597A00580635 /* Resources */,
			);
			buildRules = (
			);
			dependencies = (
			);
			name = calculator;
			productName = calculator;
			productReference = 47E6BA92258B597A00580635 /* calculator.app */;
			productType = "com.apple.product-type.application";
		};
		47E6BAAC258B597E00580635 /* calculatorTests */ = {
			isa = PBXNativeTarget;
			buildConfigurationList = 47E6BAC4258B597E00580635 /* Build configuration list for PBXNativeTarget "calculatorTests" */;
			buildPhases = (
				47E6BAA9258B597E00580635 /* Sources */,
				47E6BAAA258B597E00580635 /* Frameworks */,
				47E6BAAB258B597E00580635 /* Resources */,
			);
			buildRules = (
			);
			dependencies = (
				47E6BAAF258B597E00580635 /* PBXTargetDependency */,
			);
			name = calculatorTests;
			productName = calculatorTests;
			productReference = 47E6BAAD258B597E00580635 /* calculatorTests.xctest */;
			productType = "com.apple.product-type.bundle.unit-test";
		};
		47E6BAB7258B597E00580635 /* calculatorUITests */ = {
			isa = PBXNativeTarget;
			buildConfigurationList = 47E6BAC7258B597E00580635 /* Build configuration list for PBXNativeTarget "calculatorUITests" */;
			buildPhases = (
				47E6BAB4258B597E00580635 /* Sources */,
				47E6BAB5258B597E00580635 /* Frameworks */,
				47E6BAB6258B597E00580635 /* Resources */,
			);
			buildRules = (
			);
			dependencies = (
				47E6BABA258B597E00580635 /* PBXTargetDependency */,
			);
			name = calculatorUITests;
			productName = calculatorUITests;
			productReference = 47E6BAB8258B597E00580635 /* calculatorUITests.xctest */;
			productType = "com.apple.product-type.bundle.ui-testing";
		};
/* End PBXNativeTarget section */

/* Begin PBXProject section */
		47E6BA8A258B597A00580635 /* Project object */ = {
			isa = PBXProject;
			attributes = {
				LastUpgradeCheck = 1220;
				TargetAttributes = {
					47E6BA91258B597A00580635 = {
						CreatedOnToolsVersion = 12.2;
					};
					47E6BAAC258B597E00580635 = {
						CreatedOnToolsVersion = 12.2;
						TestTargetID = 47E6BA91258B597A00580635;
					};
					47E6BAB7258B597E00580635 = {
						CreatedOnToolsVersion = 12.2;
						TestTargetID = 47E6BA91258B597A00580635;
					};
				};
			};
			buildConfigurationList = 47E6BA8D258B597A00580635 /* Build configuration list for PBXProject "calculator" */;
			compatibilityVersion = "Xcode 9.3";
			developmentRegion = en;
			hasScannedForEncodings = 0;
			knownRegions = (
				en,
				Base,
			);
			mainGroup = 47E6BA89258B597A00580635;
			productRefGroup = 47E6BA93258B597A00580635 /* Products */;
			projectDirPath = "";
			projectRoot = "";
			targets = (
				47E6BA91258B597A00580635 /* calculator */,
				47E6BAAC258B597E00580635 /* calculatorTests */,
				47E6BAB7258B597E00580635 /* calculatorUITests */,
			);
		};
/* End PBXProject section */

/* Begin PBXResourcesBuildPhase section */
		47E6BA90258B597A00580635 /* Resources */ = {
			isa = PBXResourcesBuildPhase;
			buildActionMask = 2147483647;
			files = (
				47E6BAA5258B597E00580635 /* LaunchScreen.storyboard in Resources */,
				47E6BAA2258B597E00580635 /* Assets.xcassets in Resources */,
				47E6BAA0258B597A00580635 /* Main.storyboard in Resources */,
			);
			runOnlyForDeploymentPostprocessing = 0;
		};
		47E6BAAB258B597E00580635 /* Resources */ = {
			isa = PBXResourcesBuildPhase;
			buildActionMask = 2147483647;
			files = (
			);
			runOnlyForDeploymentPostprocessing = 0;
		};
		47E6BAB6258B597E00580635 /* Resources */ = {
			isa = PBXResourcesBuildPhase;
			buildActionMask = 2147483647;
			files = (
			);
			runOnlyForDeploymentPostprocessing = 0;
		};
/* End PBXResourcesBuildPhase section */

/* Begin PBXSourcesBuildPhase section */
		47E6BA8E258B597A00580635 /* Sources */ = {
			isa = PBXSourcesBuildPhase;
			buildActionMask = 2147483647;
			files = (
				47E6BAD0258B59F000580635 /* calc.m in Sources */,
				4779E8E42593597000934E7C /* Stack.m in Sources */,
				4779E8DE259358FE00934E7C /* calc_stack.m in Sources */,
				47E6BA9D258B597A00580635 /* ViewController.m in Sources */,
				47E6BA97258B597A00580635 /* AppDelegate.m in Sources */,
				47E6BAA8258B597E00580635 /* main.m in Sources */,
				47E6BA9A258B597A00580635 /* SceneDelegate.m in Sources */,
			);
			runOnlyForDeploymentPostprocessing = 0;
		};
		47E6BAA9258B597E00580635 /* Sources */ = {
			isa = PBXSourcesBuildPhase;
			buildActionMask = 2147483647;
			files = (
				47E6BAB2258B597E00580635 /* calculatorTests.m in Sources */,
			);
			runOnlyForDeploymentPostprocessing = 0;
		};
		47E6BAB4258B597E00580635 /* Sources */ = {
			isa = PBXSourcesBuildPhase;
			buildActionMask = 2147483647;
			files = (
				47E6BABD258B597E00580635 /* calculatorUITests.m in Sources */,
			);
			runOnlyForDeploymentPostprocessing = 0;
		};
/* End PBXSourcesBuildPhase section */

/* Begin PBXTargetDependency section */
		47E6BAAF258B597E00580635 /* PBXTargetDependency */ = {
			isa = PBXTargetDependency;
			target = 47E6BA91258B597A00580635 /* calculator */;
			targetProxy = 47E6BAAE258B597E00580635 /* PBXContainerItemProxy */;
		};
		47E6BABA258B597E00580635 /* PBXTargetDependency */ = {
			isa = PBXTargetDependency;
			target = 47E6BA91258B597A00580635 /* calculator */;
			targetProxy = 47E6BAB9258B597E00580635 /* PBXContainerItemProxy */;
		};
/* End PBXTargetDependency section */

/* Begin PBXVariantGroup section */
		47E6BA9E258B597A00580635 /* Main.storyboard */ = {
			isa = PBXVariantGroup;
			children = (
				47E6BA9F258B597A00580635 /* Base */,
			);
			name = Main.storyboard;
			sourceTree = "<group>";
		};
		47E6BAA3258B597E00580635 /* LaunchScreen.storyboard */ = {
			isa = PBXVariantGroup;
			children = (
				47E6BAA4258B597E00580635 /* Base */,
			);
			name = LaunchScreen.storyboard;
			sourceTree = "<group>";
		};
/* End PBXVariantGroup section */

/* Begin XCBuildConfiguration section */
		47E6BABF258B597E00580635 /* Debug */ = {
			isa = XCBuildConfiguration;
			buildSettings = {
				ALWAYS_SEARCH_USER_PATHS = NO;
				CLANG_ANALYZER_NONNULL = YES;
				CLANG_ANALYZER_NUMBER_OBJECT_CONVERSION = YES_AGGRESSIVE;
				CLANG_CXX_LANGUAGE_STANDARD = "gnu++14";
				CLANG_CXX_LIBRARY = "libc++";
				CLANG_ENABLE_MODULES = YES;
				CLANG_ENABLE_OBJC_ARC = YES;
				CLANG_ENABLE_OBJC_WEAK = YES;
				CLANG_WARN_BLOCK_CAPTURE_AUTORELEASING = YES;
				CLANG_WARN_BOOL_CONVERSION = YES;
				CLANG_WARN_COMMA = YES;
				CLANG_WARN_CONSTANT_CONVERSION = YES;
				CLANG_WARN_DEPRECATED_OBJC_IMPLEMENTATIONS = YES;
				CLANG_WARN_DIRECT_OBJC_ISA_USAGE = YES_ERROR;
				CLANG_WARN_DOCUMENTATION_COMMENTS = YES;
				CLANG_WARN_EMPTY_BODY = YES;
				CLANG_WARN_ENUM_CONVERSION = YES;
				CLANG_WARN_INFINITE_RECURSION = YES;
				CLANG_WARN_INT_CONVERSION = YES;
				CLANG_WARN_NON_LITERAL_NULL_CONVERSION = YES;
				CLANG_WARN_OBJC_IMPLICIT_RETAIN_SELF = YES;
				CLANG_WARN_OBJC_LITERAL_CONVERSION = YES;
				CLANG_WARN_OBJC_ROOT_CLASS = YES_ERROR;
				CLANG_WARN_QUOTED_INCLUDE_IN_FRAMEWORK_HEADER = YES;
				CLANG_WARN_RANGE_LOOP_ANALYSIS = YES;
				CLANG_WARN_STRICT_PROTOTYPES = YES;
				CLANG_WARN_SUSPICIOUS_MOVE = YES;
				CLANG_WARN_UNGUARDED_AVAILABILITY = YES_AGGRESSIVE;
				CLANG_WARN_UNREACHABLE_CODE = YES;
				CLANG_WARN__DUPLICATE_METHOD_MATCH = YES;
				COPY_PHASE_STRIP = NO;
				DEBUG_INFORMATION_FORMAT = dwarf;
				ENABLE_STRICT_OBJC_MSGSEND = YES;
				ENABLE_TESTABILITY = YES;
				GCC_C_LANGUAGE_STANDARD = gnu11;
				GCC_DYNAMIC_NO_PIC = NO;
				GCC_NO_COMMON_BLOCKS = YES;
				GCC_OPTIMIZATION_LEVEL = 0;
				GCC_PREPROCESSOR_DEFINITIONS = (
					"DEBUG=1",
					"$(inherited)",
				);
				GCC_WARN_64_TO_32_BIT_CONVERSION = YES;
				GCC_WARN_ABOUT_RETURN_TYPE = YES_ERROR;
				GCC_WARN_UNDECLARED_SELECTOR = YES;
				GCC_WARN_UNINITIALIZED_AUTOS = YES_AGGRESSIVE;
				GCC_WARN_UNUSED_FUNCTION = YES;
				GCC_WARN_UNUSED_VARIABLE = YES;
				IPHONEOS_DEPLOYMENT_TARGET = 14.2;
				MTL_ENABLE_DEBUG_INFO = INCLUDE_SOURCE;
				MTL_FAST_MATH = YES;
				ONLY_ACTIVE_ARCH = YES;
				SDKROOT = iphoneos;
			};
			name = Debug;
		};
		47E6BAC0258B597E00580635 /* Release */ = {
			isa = XCBuildConfiguration;
			buildSettings = {
				ALWAYS_SEARCH_USER_PATHS = NO;
				CLANG_ANALYZER_NONNULL = YES;
				CLANG_ANALYZER_NUMBER_OBJECT_CONVERSION = YES_AGGRESSIVE;
				CLANG_CXX_LANGUAGE_STANDARD = "gnu++14";
				CLANG_CXX_LIBRARY = "libc++";
				CLANG_ENABLE_MODULES = YES;
				CLANG_ENABLE_OBJC_ARC = YES;
				CLANG_ENABLE_OBJC_WEAK = YES;
				CLANG_WARN_BLOCK_CAPTURE_AUTORELEASING = YES;
				CLANG_WARN_BOOL_CONVERSION = YES;
				CLANG_WARN_COMMA = YES;
				CLANG_WARN_CONSTANT_CONVERSION = YES;
				CLANG_WARN_DEPRECATED_OBJC_IMPLEMENTATIONS = YES;
				CLANG_WARN_DIRECT_OBJC_ISA_USAGE = YES_ERROR;
				CLANG_WARN_DOCUMENTATION_COMMENTS = YES;
				CLANG_WARN_EMPTY_BODY = YES;
				CLANG_WARN_ENUM_CONVERSION = YES;
				CLANG_WARN_INFINITE_RECURSION = YES;
				CLANG_WARN_INT_CONVERSION = YES;
				CLANG_WARN_NON_LITERAL_NULL_CONVERSION = YES;
				CLANG_WARN_OBJC_IMPLICIT_RETAIN_SELF = YES;
				CLANG_WARN_OBJC_LITERAL_CONVERSION = YES;
				CLANG_WARN_OBJC_ROOT_CLASS = YES_ERROR;
				CLANG_WARN_QUOTED_INCLUDE_IN_FRAMEWORK_HEADER = YES;
				CLANG_WARN_RANGE_LOOP_ANALYSIS = YES;
				CLANG_WARN_STRICT_PROTOTYPES = YES;
				CLANG_WARN_SUSPICIOUS_MOVE = YES;
				CLANG_WARN_UNGUARDED_AVAILABILITY = YES_AGGRESSIVE;
				CLANG_WARN_UNREACHABLE_CODE = YES;
				CLANG_WARN__DUPLICATE_METHOD_MATCH = YES;
				COPY_PHASE_STRIP = NO;
				DEBUG_INFORMATION_FORMAT = "dwarf-with-dsym";
				ENABLE_NS_ASSERTIONS = NO;
				ENABLE_STRICT_OBJC_MSGSEND = YES;
				GCC_C_LANGUAGE_STANDARD = gnu11;
				GCC_NO_COMMON_BLOCKS = YES;
				GCC_WARN_64_TO_32_BIT_CONVERSION = YES;
				GCC_WARN_ABOUT_RETURN_TYPE = YES_ERROR;
				GCC_WARN_UNDECLARED_SELECTOR = YES;
				GCC_WARN_UNINITIALIZED_AUTOS = YES_AGGRESSIVE;
				GCC_WARN_UNUSED_FUNCTION = YES;
				GCC_WARN_UNUSED_VARIABLE = YES;
				IPHONEOS_DEPLOYMENT_TARGET = 14.2;
				MTL_ENABLE_DEBUG_INFO = NO;
				MTL_FAST_MATH = YES;
				SDKROOT = iphoneos;
				VALIDATE_PRODUCT = YES;
			};
			name = Release;
		};
		47E6BAC2258B597E00580635 /* Debug */ = {
			isa = XCBuildConfiguration;
			buildSettings = {
				ASSETCATALOG_COMPILER_APPICON_NAME = AppIcon;
				ASSETCATALOG_COMPILER_GLOBAL_ACCENT_COLOR_NAME = AccentColor;
				CODE_SIGN_STYLE = Automatic;
				INFOPLIST_FILE = calculator/Info.plist;
				LD_RUNPATH_SEARCH_PATHS = (
					"$(inherited)",
					"@executable_path/Frameworks",
				);
				PRODUCT_BUNDLE_IDENTIFIER = com.oneofakind.calculator;
				PRODUCT_NAME = "$(TARGET_NAME)";
				TARGETED_DEVICE_FAMILY = "1,2";
			};
			name = Debug;
		};
		47E6BAC3258B597E00580635 /* Release */ = {
			isa = XCBuildConfiguration;
			buildSettings = {
				ASSETCATALOG_COMPILER_APPICON_NAME = AppIcon;
				ASSETCATALOG_COMPILER_GLOBAL_ACCENT_COLOR_NAME = AccentColor;
				CODE_SIGN_STYLE = Automatic;
				INFOPLIST_FILE = calculator/Info.plist;
				LD_RUNPATH_SEARCH_PATHS = (
					"$(inherited)",
					"@executable_path/Frameworks",
				);
				PRODUCT_BUNDLE_IDENTIFIER = com.oneofakind.calculator;
				PRODUCT_NAME = "$(TARGET_NAME)";
				TARGETED_DEVICE_FAMILY = "1,2";
			};
			name = Release;
		};
		47E6BAC5258B597E00580635 /* Debug */ = {
			isa = XCBuildConfiguration;
			buildSettings = {
				BUNDLE_LOADER = "$(TEST_HOST)";
				CODE_SIGN_STYLE = Automatic;
				INFOPLIST_FILE = calculatorTests/Info.plist;
				IPHONEOS_DEPLOYMENT_TARGET = 14.2;
				LD_RUNPATH_SEARCH_PATHS = (
					"$(inherited)",
					"@executable_path/Frameworks",
					"@loader_path/Frameworks",
				);
				PRODUCT_BUNDLE_IDENTIFIER = com.oneofakind.calculatorTests;
				PRODUCT_NAME = "$(TARGET_NAME)";
				TARGETED_DEVICE_FAMILY = "1,2";
				TEST_HOST = "$(BUILT_PRODUCTS_DIR)/calculator.app/calculator";
			};
			name = Debug;
		};
		47E6BAC6258B597E00580635 /* Release */ = {
			isa = XCBuildConfiguration;
			buildSettings = {
				BUNDLE_LOADER = "$(TEST_HOST)";
				CODE_SIGN_STYLE = Automatic;
				INFOPLIST_FILE = calculatorTests/Info.plist;
				IPHONEOS_DEPLOYMENT_TARGET = 14.2;
				LD_RUNPATH_SEARCH_PATHS = (
					"$(inherited)",
					"@executable_path/Frameworks",
					"@loader_path/Frameworks",
				);
				PRODUCT_BUNDLE_IDENTIFIER = com.oneofakind.calculatorTests;
				PRODUCT_NAME = "$(TARGET_NAME)";
				TARGETED_DEVICE_FAMILY = "1,2";
				TEST_HOST = "$(BUILT_PRODUCTS_DIR)/calculator.app/calculator";
			};
			name = Release;
		};
		47E6BAC8258B597E00580635 /* Debug */ = {
			isa = XCBuildConfiguration;
			buildSettings = {
				CODE_SIGN_STYLE = Automatic;
				INFOPLIST_FILE = calculatorUITests/Info.plist;
				LD_RUNPATH_SEARCH_PATHS = (
					"$(inherited)",
					"@executable_path/Frameworks",
					"@loader_path/Frameworks",
				);
				PRODUCT_BUNDLE_IDENTIFIER = com.oneofakind.calculatorUITests;
				PRODUCT_NAME = "$(TARGET_NAME)";
				TARGETED_DEVICE_FAMILY = "1,2";
				TEST_TARGET_NAME = calculator;
			};
			name = Debug;
		};
		47E6BAC9258B597E00580635 /* Release */ = {
			isa = XCBuildConfiguration;
			buildSettings = {
				CODE_SIGN_STYLE = Automatic;
				INFOPLIST_FILE = calculatorUITests/Info.plist;
				LD_RUNPATH_SEARCH_PATHS = (
					"$(inherited)",
					"@executable_path/Frameworks",
					"@loader_path/Frameworks",
				);
				PRODUCT_BUNDLE_IDENTIFIER = com.oneofakind.calculatorUITests;
				PRODUCT_NAME = "$(TARGET_NAME)";
				TARGETED_DEVICE_FAMILY = "1,2";
				TEST_TARGET_NAME = calculator;
			};
			name = Release;
		};
/* End XCBuildConfiguration section */

/* Begin XCConfigurationList section */
		47E6BA8D258B597A00580635 /* Build configuration list for PBXProject "calculator" */ = {
			isa = XCConfigurationList;
			buildConfigurations = (
				47E6BABF258B597E00580635 /* Debug */,
				47E6BAC0258B597E00580635 /* Release */,
			);
			defaultConfigurationIsVisible = 0;
			defaultConfigurationName = Release;
		};
		47E6BAC1258B597E00580635 /* Build configuration list for PBXNativeTarget "calculator" */ = {
			isa = XCConfigurationList;
			buildConfigurations = (
				47E6BAC2258B597E00580635 /* Debug */,
				47E6BAC3258B597E00580635 /* Release */,
			);
			defaultConfigurationIsVisible = 0;
			defaultConfigurationName = Release;
		};
		47E6BAC4258B597E00580635 /* Build configuration list for PBXNativeTarget "calculatorTests" */ = {
			isa = XCConfigurationList;
			buildConfigurations = (
				47E6BAC5258B597E00580635 /* Debug */,
				47E6BAC6258B597E00580635 /* Release */,
			);
			defaultConfigurationIsVisible = 0;
			defaultConfigurationName = Release;
		};
		47E6BAC7258B597E00580635 /* Build configuration list for PBXNativeTarget "calculatorUITests" */ = {
			isa = XCConfigurationList;
			buildConfigurations = (
				47E6BAC8258B597E00580635 /* Debug */,
				47E6BAC9258B597E00580635 /* Release */,
			);
			defaultConfigurationIsVisible = 0;
			defaultConfigurationName = Release;
		};
/* End XCConfigurationList section */
	};
	rootObject = 47E6BA8A258B597A00580635 /* Project object */;
}
